
Microsoft Visual Studio Solution File, Format Version 12.00
# Visual Studio Version 17
VisualStudioVersion = 17.14.36127.28 d17.14
MinimumVisualStudioVersion = 10.0.40219.1
Project("{FAE04EC0-301F-11D3-BF4B-00C04F79EFBC}") = "UsingTaskDemonstration-01", "UsingTaskDemonstration-01\UsingTaskDemonstration-01.csproj", "{80FBA7B6-BB15-450D-B123-C7BDEB04130A}"
EndProject
Project("{FAE04EC0-301F-11D3-BF4B-00C04F79EFBC}") = "UsingTaskDemonstration-02", "UsingTaskDemonstration-02\UsingTaskDemonstration-02.csproj", "{9ADD358F-6EE3-4A62-A9A3-10527DD5C7B6}"
EndProject
Project("{FAE04EC0-301F-11D3-BF4B-00C04F79EFBC}") = "UsingTaskDemonstration-03", "UsingTaskDemonstration-03\UsingTaskDemonstration-03.csproj", "{7F8C4948-B2F8-4A61-A501-DBF3BEF4B2D0}"
EndProject
Project("{FAE04EC0-301F-11D3-BF4B-00C04F79EFBC}") = "UsingTaskDemonstration-04", "UsingTaskDemonstration-04\UsingTaskDemonstration-04.csproj", "{DFCC5BFE-640F-4C5F-ADAC-A26CECC2757E}"
EndProject
Global
	GlobalSection(SolutionConfigurationPlatforms) = preSolution
		Debug|Any CPU = Debug|Any CPU
		Release|Any CPU = Release|Any CPU
	EndGlobalSection
	GlobalSection(ProjectConfigurationPlatforms) = postSolution
		{80FBA7B6-BB15-450D-B123-C7BDEB04130A}.Debug|Any CPU.ActiveCfg = Debug|Any CPU
		{80FBA7B6-BB15-450D-B123-C7BDEB04130A}.Debug|Any CPU.Build.0 = Debug|Any CPU
		{80FBA7B6-BB15-450D-B123-C7BDEB04130A}.Release|Any CPU.ActiveCfg = Release|Any CPU
		{80FBA7B6-BB15-450D-B123-C7BDEB04130A}.Release|Any CPU.Build.0 = Release|Any CPU
		{9ADD358F-6EE3-4A62-A9A3-10527DD5C7B6}.Debug|Any CPU.ActiveCfg = Debug|Any CPU
		{9ADD358F-6EE3-4A62-A9A3-10527DD5C7B6}.Debug|Any CPU.Build.0 = Debug|Any CPU
		{9ADD358F-6EE3-4A62-A9A3-10527DD5C7B6}.Release|Any CPU.ActiveCfg = Release|Any CPU
		{9ADD358F-6EE3-4A62-A9A3-10527DD5C7B6}.Release|Any CPU.Build.0 = Release|Any CPU
		{7F8C4948-B2F8-4A61-A501-DBF3BEF4B2D0}.Debug|Any CPU.ActiveCfg = Debug|Any CPU
		{7F8C4948-B2F8-4A61-A501-DBF3BEF4B2D0}.Debug|Any CPU.Build.0 = Debug|Any CPU
		{7F8C4948-B2F8-4A61-A501-DBF3BEF4B2D0}.Release|Any CPU.ActiveCfg = Release|Any CPU
		{7F8C4948-B2F8-4A61-A501-DBF3BEF4B2D0}.Release|Any CPU.Build.0 = Release|Any CPU
		{DFCC5BFE-640F-4C5F-ADAC-A26CECC2757E}.Debug|Any CPU.ActiveCfg = Debug|Any CPU
		{DFCC5BFE-640F-4C5F-ADAC-A26CECC2757E}.Debug|Any CPU.Build.0 = Debug|Any CPU
		{DFCC5BFE-640F-4C5F-ADAC-A26CECC2757E}.Release|Any CPU.ActiveCfg = Release|Any CPU
		{DFCC5BFE-640F-4C5F-ADAC-A26CECC2757E}.Release|Any CPU.Build.0 = Release|Any CPU
	EndGlobalSection
	GlobalSection(SolutionProperties) = preSolution
		HideSolutionNode = FALSE
	EndGlobalSection
	GlobalSection(ExtensibilityGlobals) = postSolution
		SolutionGuid = {3A8CCDAB-011B-441A-ABFD-2A4265683D05}
	EndGlobalSection
EndGlobal
